// !$*UTF8*$!
{
	archiveVersion = 1;
	classes = {
	};
	objectVersion = 46;
	objects = {

/* Begin PBXBuildFile section */
		A94207431BAC0AFF005FA36D /* main.cpp in Sources */ = {isa = PBXBuildFile; fileRef = A94207421BAC0AFF005FA36D /* main.cpp */; };
		A94207531BAC6CB2005FA36D /* FingerPrintKeyer.cpp in Sources */ = {isa = PBXBuildFile; fileRef = A94207511BAC6CB2005FA36D /* FingerPrintKeyer.cpp */; settings = {ASSET_TAGS = (); }; };
		A94207561BAC8D72005FA36D /* helpers.cpp in Sources */ = {isa = PBXBuildFile; fileRef = A94207541BAC8D72005FA36D /* helpers.cpp */; settings = {ASSET_TAGS = (); }; };
		A94207591BAD063E005FA36D /* BinningClusterer.cpp in Sources */ = {isa = PBXBuildFile; fileRef = A94207571BAD063E005FA36D /* BinningClusterer.cpp */; settings = {ASSET_TAGS = (); }; };
/* End PBXBuildFile section */

/* Begin PBXCopyFilesBuildPhase section */
		A942073D1BAC0AFF005FA36D /* CopyFiles */ = {
			isa = PBXCopyFilesBuildPhase;
			buildActionMask = 2147483647;
			dstPath = /usr/share/man/man1/;
			dstSubfolderSpec = 0;
			files = (
			);
			runOnlyForDeploymentPostprocessing = 1;
		};
/* End PBXCopyFilesBuildPhase section */

/* Begin PBXFileReference section */
		A942073F1BAC0AFF005FA36D /* FingerprintKeyer */ = {isa = PBXFileReference; explicitFileType = "compiled.mach-o.executable"; includeInIndex = 0; path = FingerprintKeyer; sourceTree = BUILT_PRODUCTS_DIR; };
		A94207421BAC0AFF005FA36D /* main.cpp */ = {isa = PBXFileReference; lastKnownFileType = sourcecode.cpp.cpp; path = main.cpp; sourceTree = "<group>"; };
		A942074F1BAC0F8F005FA36D /* Keyer.hpp */ = {isa = PBXFileReference; fileEncoding = 4; lastKnownFileType = sourcecode.cpp.h; path = Keyer.hpp; sourceTree = "<group>"; };
		A94207511BAC6CB2005FA36D /* FingerPrintKeyer.cpp */ = {isa = PBXFileReference; fileEncoding = 4; lastKnownFileType = sourcecode.cpp.cpp; path = FingerPrintKeyer.cpp; sourceTree = "<group>"; };
		A94207521BAC6CB2005FA36D /* FingerPrintKeyer.hpp */ = {isa = PBXFileReference; fileEncoding = 4; lastKnownFileType = sourcecode.cpp.h; path = FingerPrintKeyer.hpp; sourceTree = "<group>"; };
		A94207541BAC8D72005FA36D /* helpers.cpp */ = {isa = PBXFileReference; fileEncoding = 4; lastKnownFileType = sourcecode.cpp.cpp; path = helpers.cpp; sourceTree = "<group>"; };
		A94207551BAC8D72005FA36D /* helpers.hpp */ = {isa = PBXFileReference; fileEncoding = 4; lastKnownFileType = sourcecode.cpp.h; path = helpers.hpp; sourceTree = "<group>"; };
		A94207571BAD063E005FA36D /* BinningClusterer.cpp */ = {isa = PBXFileReference; fileEncoding = 4; lastKnownFileType = sourcecode.cpp.cpp; path = BinningClusterer.cpp; sourceTree = "<group>"; };
		A94207581BAD063E005FA36D /* BinningClusterer.hpp */ = {isa = PBXFileReference; fileEncoding = 4; lastKnownFileType = sourcecode.cpp.h; path = BinningClusterer.hpp; sourceTree = "<group>"; };
/* End PBXFileReference section */

/* Begin PBXFrameworksBuildPhase section */
		A942073C1BAC0AFF005FA36D /* Frameworks */ = {
			isa = PBXFrameworksBuildPhase;
			buildActionMask = 2147483647;
			files = (
			);
			runOnlyForDeploymentPostprocessing = 0;
		};
/* End PBXFrameworksBuildPhase section */

/* Begin PBXGroup section */
		A94207361BAC0AFF005FA36D = {
			isa = PBXGroup;
			children = (
				A94207411BAC0AFF005FA36D /* FingerprintKeyer */,
				A94207401BAC0AFF005FA36D /* Products */,
			);
			sourceTree = "<group>";
		};
		A94207401BAC0AFF005FA36D /* Products */ = {
			isa = PBXGroup;
			children = (
				A942073F1BAC0AFF005FA36D /* FingerprintKeyer */,
			);
			name = Products;
			sourceTree = "<group>";
		};
		A94207411BAC0AFF005FA36D /* FingerprintKeyer */ = {
			isa = PBXGroup;
			children = (
				A94207421BAC0AFF005FA36D /* main.cpp */,
				A942074F1BAC0F8F005FA36D /* Keyer.hpp */,
				A94207511BAC6CB2005FA36D /* FingerPrintKeyer.cpp */,
				A94207571BAD063E005FA36D /* BinningClusterer.cpp */,
				A94207581BAD063E005FA36D /* BinningClusterer.hpp */,
				A94207541BAC8D72005FA36D /* helpers.cpp */,
				A94207551BAC8D72005FA36D /* helpers.hpp */,
				A94207521BAC6CB2005FA36D /* FingerPrintKeyer.hpp */,
			);
			path = FingerprintKeyer;
			sourceTree = "<group>";
		};
/* End PBXGroup section */

/* Begin PBXNativeTarget section */
		A942073E1BAC0AFF005FA36D /* FingerprintKeyer */ = {
			isa = PBXNativeTarget;
			buildConfigurationList = A94207461BAC0AFF005FA36D /* Build configuration list for PBXNativeTarget "FingerprintKeyer" */;
			buildPhases = (
				A942073B1BAC0AFF005FA36D /* Sources */,
				A942073C1BAC0AFF005FA36D /* Frameworks */,
				A942073D1BAC0AFF005FA36D /* CopyFiles */,
			);
			buildRules = (
			);
			dependencies = (
			);
			name = FingerprintKeyer;
			productName = FingerprintKeyer;
			productReference = A942073F1BAC0AFF005FA36D /* FingerprintKeyer */;
			productType = "com.apple.product-type.tool";
		};
/* End PBXNativeTarget section */

/* Begin PBXProject section */
		A94207371BAC0AFF005FA36D /* Project object */ = {
			isa = PBXProject;
			attributes = {
				LastUpgradeCheck = 0700;
				ORGANIZATIONNAME = fredericstgo;
				TargetAttributes = {
					A942073E1BAC0AFF005FA36D = {
						CreatedOnToolsVersion = 7.0;
					};
				};
			};
			buildConfigurationList = A942073A1BAC0AFF005FA36D /* Build configuration list for PBXProject "FingerprintKeyer" */;
			compatibilityVersion = "Xcode 3.2";
			developmentRegion = English;
			hasScannedForEncodings = 0;
			knownRegions = (
				en,
			);
			mainGroup = A94207361BAC0AFF005FA36D;
			productRefGroup = A94207401BAC0AFF005FA36D /* Products */;
			projectDirPath = "";
			projectRoot = "";
			targets = (
				A942073E1BAC0AFF005FA36D /* FingerprintKeyer */,
			);
		};
/* End PBXProject section */

/* Begin PBXSourcesBuildPhase section */
		A942073B1BAC0AFF005FA36D /* Sources */ = {
			isa = PBXSourcesBuildPhase;
			buildActionMask = 2147483647;
			files = (
				A94207531BAC6CB2005FA36D /* FingerPrintKeyer.cpp in Sources */,
				A94207561BAC8D72005FA36D /* helpers.cpp in Sources */,
				A94207431BAC0AFF005FA36D /* main.cpp in Sources */,
				A94207591BAD063E005FA36D /* BinningClusterer.cpp in Sources */,
			);
			runOnlyForDeploymentPostprocessing = 0;
		};
/* End PBXSourcesBuildPhase section */

/* Begin XCBuildConfiguration section */
		A94207441BAC0AFF005FA36D /* Debug */ = {
			isa = XCBuildConfiguration;
			buildSettings = {
				ALWAYS_SEARCH_USER_PATHS = NO;
				CLANG_CXX_LANGUAGE_STANDARD = "gnu++0x";
				CLANG_CXX_LIBRARY = "libc++";
				CLANG_ENABLE_MODULES = YES;
				CLANG_ENABLE_OBJC_ARC = YES;
				CLANG_WARN_BOOL_CONVERSION = YES;
				CLANG_WARN_CONSTANT_CONVERSION = YES;
				CLANG_WARN_DIRECT_OBJC_ISA_USAGE = YES_ERROR;
				CLANG_WARN_EMPTY_BODY = YES;
				CLANG_WARN_ENUM_CONVERSION = YES;
				CLANG_WARN_INT_CONVERSION = YES;
				CLANG_WARN_OBJC_ROOT_CLASS = YES_ERROR;
				CLANG_WARN_UNREACHABLE_CODE = YES;
				CLANG_WARN__DUPLICATE_METHOD_MATCH = YES;
				COPY_PHASE_STRIP = NO;
				DEBUG_INFORMATION_FORMAT = dwarf;
				ENABLE_STRICT_OBJC_MSGSEND = YES;
				ENABLE_TESTABILITY = YES;
				GCC_C_LANGUAGE_STANDARD = gnu99;
				GCC_DYNAMIC_NO_PIC = NO;
				GCC_NO_COMMON_BLOCKS = YES;
				GCC_OPTIMIZATION_LEVEL = 0;
				GCC_PREPROCESSOR_DEFINITIONS = (
					"DEBUG=1",
					"$(inherited)",
				);
				GCC_WARN_64_TO_32_BIT_CONVERSION = YES;
				GCC_WARN_ABOUT_RETURN_TYPE = YES_ERROR;
				GCC_WARN_UNDECLARED_SELECTOR = YES;
				GCC_WARN_UNINITIALIZED_AUTOS = YES_AGGRESSIVE;
				GCC_WARN_UNUSED_FUNCTION = YES;
				GCC_WARN_UNUSED_VARIABLE = YES;
				MACOSX_DEPLOYMENT_TARGET = 10.10;
				MTL_ENABLE_DEBUG_INFO = YES;
				ONLY_ACTIVE_ARCH = YES;
				SDKROOT = macosx;
			};
			name = Debug;
		};
		A94207451BAC0AFF005FA36D /* Release */ = {
			isa = XCBuildConfiguration;
			buildSettings = {
				ALWAYS_SEARCH_USER_PATHS = NO;
				CLANG_CXX_LANGUAGE_STANDARD = "gnu++0x";
				CLANG_CXX_LIBRARY = "libc++";
				CLANG_ENABLE_MODULES = YES;
				CLANG_ENABLE_OBJC_ARC = YES;
				CLANG_WARN_BOOL_CONVERSION = YES;
				CLANG_WARN_CONSTANT_CONVERSION = YES;
				CLANG_WARN_DIRECT_OBJC_ISA_USAGE = YES_ERROR;
				CLANG_WARN_EMPTY_BODY = YES;
				CLANG_WARN_ENUM_CONVERSION = YES;
				CLANG_WARN_INT_CONVERSION = YES;
				CLANG_WARN_OBJC_ROOT_CLASS = YES_ERROR;
				CLANG_WARN_UNREACHABLE_CODE = YES;
				CLANG_WARN__DUPLICATE_METHOD_MATCH = YES;
				COPY_PHASE_STRIP = NO;
				DEBUG_INFORMATION_FORMAT = "dwarf-with-dsym";
				ENABLE_NS_ASSERTIONS = NO;
				ENABLE_STRICT_OBJC_MSGSEND = YES;
				GCC_C_LANGUAGE_STANDARD = gnu99;
				GCC_NO_COMMON_BLOCKS = YES;
				GCC_WARN_64_TO_32_BIT_CONVERSION = YES;
				GCC_WARN_ABOUT_RETURN_TYPE = YES_ERROR;
				GCC_WARN_UNDECLARED_SELECTOR = YES;
				GCC_WARN_UNINITIALIZED_AUTOS = YES_AGGRESSIVE;
				GCC_WARN_UNUSED_FUNCTION = YES;
				GCC_WARN_UNUSED_VARIABLE = YES;
				MACOSX_DEPLOYMENT_TARGET = 10.10;
				MTL_ENABLE_DEBUG_INFO = NO;
				SDKROOT = macosx;
			};
			name = Release;
		};
		A94207471BAC0AFF005FA36D /* Debug */ = {
			isa = XCBuildConfiguration;
			buildSettings = {
				PRODUCT_NAME = "$(TARGET_NAME)";
			};
			name = Debug;
		};
		A94207481BAC0AFF005FA36D /* Release */ = {
			isa = XCBuildConfiguration;
			buildSettings = {
				PRODUCT_NAME = "$(TARGET_NAME)";
			};
			name = Release;
		};
/* End XCBuildConfiguration section */

/* Begin XCConfigurationList section */
		A942073A1BAC0AFF005FA36D /* Build configuration list for PBXProject "FingerprintKeyer" */ = {
			isa = XCConfigurationList;
			buildConfigurations = (
				A94207441BAC0AFF005FA36D /* Debug */,
				A94207451BAC0AFF005FA36D /* Release */,
			);
			defaultConfigurationIsVisible = 0;
			defaultConfigurationName = Release;
		};
		A94207461BAC0AFF005FA36D /* Build configuration list for PBXNativeTarget "FingerprintKeyer" */ = {
			isa = XCConfigurationList;
			buildConfigurations = (
				A94207471BAC0AFF005FA36D /* Debug */,
				A94207481BAC0AFF005FA36D /* Release */,
			);
			defaultConfigurationIsVisible = 0;
		};
/* End XCConfigurationList section */
	};
	rootObject = A94207371BAC0AFF005FA36D /* Project object */;
}
